
Microsoft Visual Studio Solution File, Format Version 12.00
# Visual Studio Version 17
VisualStudioVersion = 17.5.002.0
MinimumVisualStudioVersion = 10.0.40219.1
Project("{9A19103F-16F7-4668-BE54-9A1E7A4F7556}") = "TodoApi", "src\TodoApi.csproj", "{C974E81B-47B7-42D7-9D90-A962919AB8C4}"
EndProject
Global
	GlobalSection(SolutionConfigurationPlatforms) = preSolution
		Debug|Any CPU = Debug|Any CPU
		Release|Any CPU = Release|Any CPU
	EndGlobalSection
	GlobalSection(ProjectConfigurationPlatforms) = postSolution
		{C974E81B-47B7-42D7-9D90-A962919AB8C4}.Debug|Any CPU.ActiveCfg = Debug|Any CPU
		{C974E81B-47B7-42D7-9D90-A962919AB8C4}.Debug|Any CPU.Build.0 = Debug|Any CPU
		{C974E81B-47B7-42D7-9D90-A962919AB8C4}.Release|Any CPU.ActiveCfg = Release|Any CPU
		{C974E81B-47B7-42D7-9D90-A962919AB8C4}.Release|Any CPU.Build.0 = Release|Any CPU
	EndGlobalSection
	GlobalSection(SolutionProperties) = preSolution
		HideSolutionNode = FALSE
	EndGlobalSection
	GlobalSection(ExtensibilityGlobals) = postSolution
		SolutionGuid = {6EF10A23-6062-4579-87B3-AE749871E90D}
	EndGlobalSection
EndGlobal
